// !$*UTF8*$!
{
	archiveVersion = 1;
	classes = {
	};
	objectVersion = 50;
	objects = {

/* Begin PBXBuildFile section */
		A5A826D0223935E300482A81 /* vertexchange2.glsl in Resources */ = {isa = PBXBuildFile; fileRef = A5A826CF223935E200482A81 /* vertexchange2.glsl */; };
		EE491D8D223A15800061D8E8 /* vertexchange4.glsl in Resources */ = {isa = PBXBuildFile; fileRef = EE491D8C223A15800061D8E8 /* vertexchange4.glsl */; };
		EE491D97223A49DF0061D8E8 /* FYGLKViewController5.m in Sources */ = {isa = PBXBuildFile; fileRef = EE491D95223A49DF0061D8E8 /* FYGLKViewController5.m */; };
		EE6C4F872237713D00756D55 /* AppDelegate.m in Sources */ = {isa = PBXBuildFile; fileRef = EE6C4F862237713D00756D55 /* AppDelegate.m */; };
		EE6C4F8A2237713D00756D55 /* ViewController.m in Sources */ = {isa = PBXBuildFile; fileRef = EE6C4F892237713D00756D55 /* ViewController.m */; };
		EE6C4F8D2237713D00756D55 /* Main.storyboard in Resources */ = {isa = PBXBuildFile; fileRef = EE6C4F8B2237713D00756D55 /* Main.storyboard */; };
		EE6C4F8F2237713F00756D55 /* Assets.xcassets in Resources */ = {isa = PBXBuildFile; fileRef = EE6C4F8E2237713F00756D55 /* Assets.xcassets */; };
		EE6C4F922237713F00756D55 /* LaunchScreen.storyboard in Resources */ = {isa = PBXBuildFile; fileRef = EE6C4F902237713F00756D55 /* LaunchScreen.storyboard */; };
		EE6C4F952237713F00756D55 /* main.m in Sources */ = {isa = PBXBuildFile; fileRef = EE6C4F942237713F00756D55 /* main.m */; };
		EE6C4F9D2237717400756D55 /* FYGLKViewController.m in Sources */ = {isa = PBXBuildFile; fileRef = EE6C4F9B2237717300756D55 /* FYGLKViewController.m */; };
		EE6C4FA02237718300756D55 /* GLKit.framework in Frameworks */ = {isa = PBXBuildFile; fileRef = EE6C4F9F2237718300756D55 /* GLKit.framework */; };
		EE6C4FA22237718A00756D55 /* OpenGLES.framework in Frameworks */ = {isa = PBXBuildFile; fileRef = EE6C4FA12237718A00756D55 /* OpenGLES.framework */; };
		EE6C4FA62237727100756D55 /* 1.png in Resources */ = {isa = PBXBuildFile; fileRef = EE6C4FA52237727000756D55 /* 1.png */; };
		EE6C4FB52237A04800756D55 /* 2.jpg in Resources */ = {isa = PBXBuildFile; fileRef = EE6C4FB42237A04800756D55 /* 2.jpg */; };
		EE88E10922389C7A00F9704A /* FYGLKViewController2.m in Sources */ = {isa = PBXBuildFile; fileRef = EE88E10722389C7A00F9704A /* FYGLKViewController2.m */; };
		EE88E10E2238AA4400F9704A /* vertex.glsl in Resources */ = {isa = PBXBuildFile; fileRef = EE88E10D2238AA4400F9704A /* vertex.glsl */; };
		EE88E1102238AF6000F9704A /* f.glsl in Resources */ = {isa = PBXBuildFile; fileRef = EE88E10F2238AF6000F9704A /* f.glsl */; };
		EE88E1122238D49C00F9704A /* vertexchange.glsl in Resources */ = {isa = PBXBuildFile; fileRef = EE88E1112238D49C00F9704A /* vertexchange.glsl */; };
		EE88E1152238D4EC00F9704A /* FYGLKViewController3.m in Sources */ = {isa = PBXBuildFile; fileRef = EE88E1132238D4EC00F9704A /* FYGLKViewController3.m */; };
		EE88E1172238D5C800F9704A /* f2.glsl in Resources */ = {isa = PBXBuildFile; fileRef = EE88E1162238D5C800F9704A /* f2.glsl */; };
		EE88E11E2238FD5200F9704A /* FYGLKViewController4.m in Sources */ = {isa = PBXBuildFile; fileRef = EE88E11D2238FD5100F9704A /* FYGLKViewController4.m */; };
		EE88E1222239094B00F9704A /* NSObject+FY.m in Sources */ = {isa = PBXBuildFile; fileRef = EE88E1212239094B00F9704A /* NSObject+FY.m */; };
		EE88E12A2239E94300F9704A /* GLESUtils.m in Sources */ = {isa = PBXBuildFile; fileRef = EE88E1242239E94300F9704A /* GLESUtils.m */; };
		EE88E12B2239E94300F9704A /* GLESMath.c in Sources */ = {isa = PBXBuildFile; fileRef = EE88E1262239E94300F9704A /* GLESMath.c */; };
/* End PBXBuildFile section */

/* Begin PBXFileReference section */
		A5A826CF223935E200482A81 /* vertexchange2.glsl */ = {isa = PBXFileReference; fileEncoding = 4; lastKnownFileType = text; path = vertexchange2.glsl; sourceTree = "<group>"; };
		EE491D8A223A120F0061D8E8 /* libc++.tbd */ = {isa = PBXFileReference; lastKnownFileType = "sourcecode.text-based-dylib-definition"; name = "libc++.tbd"; path = "usr/lib/libc++.tbd"; sourceTree = SDKROOT; };
		EE491D8C223A15800061D8E8 /* vertexchange4.glsl */ = {isa = PBXFileReference; fileEncoding = 4; lastKnownFileType = text; path = vertexchange4.glsl; sourceTree = "<group>"; };
		EE491D95223A49DF0061D8E8 /* FYGLKViewController5.m */ = {isa = PBXFileReference; fileEncoding = 4; lastKnownFileType = sourcecode.c.objc; path = FYGLKViewController5.m; sourceTree = "<group>"; };
		EE491D96223A49DF0061D8E8 /* FYGLKViewController5.h */ = {isa = PBXFileReference; fileEncoding = 4; lastKnownFileType = sourcecode.c.h; path = FYGLKViewController5.h; sourceTree = "<group>"; };
		EE6C4F822237713D00756D55 /* openGL02-ES纹理.app */ = {isa = PBXFileReference; explicitFileType = wrapper.application; includeInIndex = 0; path = "openGL02-ES纹理.app"; sourceTree = BUILT_PRODUCTS_DIR; };
		EE6C4F852237713D00756D55 /* AppDelegate.h */ = {isa = PBXFileReference; lastKnownFileType = sourcecode.c.h; path = AppDelegate.h; sourceTree = "<group>"; };
		EE6C4F862237713D00756D55 /* AppDelegate.m */ = {isa = PBXFileReference; lastKnownFileType = sourcecode.c.objc; path = AppDelegate.m; sourceTree = "<group>"; };
		EE6C4F882237713D00756D55 /* ViewController.h */ = {isa = PBXFileReference; lastKnownFileType = sourcecode.c.h; path = ViewController.h; sourceTree = "<group>"; };
		EE6C4F892237713D00756D55 /* ViewController.m */ = {isa = PBXFileReference; lastKnownFileType = sourcecode.c.objc; path = ViewController.m; sourceTree = "<group>"; };
		EE6C4F8C2237713D00756D55 /* Base */ = {isa = PBXFileReference; lastKnownFileType = file.storyboard; name = Base; path = Base.lproj/Main.storyboard; sourceTree = "<group>"; };
		EE6C4F8E2237713F00756D55 /* Assets.xcassets */ = {isa = PBXFileReference; lastKnownFileType = folder.assetcatalog; path = Assets.xcassets; sourceTree = "<group>"; };
		EE6C4F912237713F00756D55 /* Base */ = {isa = PBXFileReference; lastKnownFileType = file.storyboard; name = Base; path = Base.lproj/LaunchScreen.storyboard; sourceTree = "<group>"; };
		EE6C4F932237713F00756D55 /* Info.plist */ = {isa = PBXFileReference; lastKnownFileType = text.plist.xml; path = Info.plist; sourceTree = "<group>"; };
		EE6C4F942237713F00756D55 /* main.m */ = {isa = PBXFileReference; lastKnownFileType = sourcecode.c.objc; path = main.m; sourceTree = "<group>"; };
		EE6C4F9B2237717300756D55 /* FYGLKViewController.m */ = {isa = PBXFileReference; fileEncoding = 4; lastKnownFileType = sourcecode.c.objc; path = FYGLKViewController.m; sourceTree = "<group>"; };
		EE6C4F9C2237717400756D55 /* FYGLKViewController.h */ = {isa = PBXFileReference; fileEncoding = 4; lastKnownFileType = sourcecode.c.h; path = FYGLKViewController.h; sourceTree = "<group>"; };
		EE6C4F9F2237718300756D55 /* GLKit.framework */ = {isa = PBXFileReference; lastKnownFileType = wrapper.framework; name = GLKit.framework; path = System/Library/Frameworks/GLKit.framework; sourceTree = SDKROOT; };
		EE6C4FA12237718A00756D55 /* OpenGLES.framework */ = {isa = PBXFileReference; lastKnownFileType = wrapper.framework; name = OpenGLES.framework; path = System/Library/Frameworks/OpenGLES.framework; sourceTree = SDKROOT; };
		EE6C4FA52237727000756D55 /* 1.png */ = {isa = PBXFileReference; lastKnownFileType = image.png; path = 1.png; sourceTree = "<group>"; };
		EE6C4FB42237A04800756D55 /* 2.jpg */ = {isa = PBXFileReference; lastKnownFileType = image.jpeg; path = 2.jpg; sourceTree = "<group>"; };
		EE88E10722389C7A00F9704A /* FYGLKViewController2.m */ = {isa = PBXFileReference; fileEncoding = 4; lastKnownFileType = sourcecode.c.objc; path = FYGLKViewController2.m; sourceTree = "<group>"; };
		EE88E10822389C7A00F9704A /* FYGLKViewController2.h */ = {isa = PBXFileReference; fileEncoding = 4; lastKnownFileType = sourcecode.c.h; path = FYGLKViewController2.h; sourceTree = "<group>"; };
		EE88E10D2238AA4400F9704A /* vertex.glsl */ = {isa = PBXFileReference; lastKnownFileType = text; path = vertex.glsl; sourceTree = "<group>"; };
		EE88E10F2238AF6000F9704A /* f.glsl */ = {isa = PBXFileReference; fileEncoding = 4; lastKnownFileType = text; path = f.glsl; sourceTree = "<group>"; };
		EE88E1112238D49C00F9704A /* vertexchange.glsl */ = {isa = PBXFileReference; fileEncoding = 4; lastKnownFileType = text; path = vertexchange.glsl; sourceTree = "<group>"; };
		EE88E1132238D4EC00F9704A /* FYGLKViewController3.m */ = {isa = PBXFileReference; fileEncoding = 4; lastKnownFileType = sourcecode.c.objc; path = FYGLKViewController3.m; sourceTree = "<group>"; };
		EE88E1142238D4EC00F9704A /* FYGLKViewController3.h */ = {isa = PBXFileReference; fileEncoding = 4; lastKnownFileType = sourcecode.c.h; path = FYGLKViewController3.h; sourceTree = "<group>"; };
		EE88E1162238D5C800F9704A /* f2.glsl */ = {isa = PBXFileReference; fileEncoding = 4; lastKnownFileType = text; path = f2.glsl; sourceTree = "<group>"; };
		EE88E11D2238FD5100F9704A /* FYGLKViewController4.m */ = {isa = PBXFileReference; fileEncoding = 4; lastKnownFileType = sourcecode.c.objc; path = FYGLKViewController4.m; sourceTree = "<group>"; };
		EE88E11F2238FD5C00F9704A /* FYGLKViewController4.h */ = {isa = PBXFileReference; fileEncoding = 4; lastKnownFileType = sourcecode.c.h; path = FYGLKViewController4.h; sourceTree = "<group>"; };
		EE88E1202239094B00F9704A /* NSObject+FY.h */ = {isa = PBXFileReference; lastKnownFileType = sourcecode.c.h; path = "NSObject+FY.h"; sourceTree = "<group>"; };
		EE88E1212239094B00F9704A /* NSObject+FY.m */ = {isa = PBXFileReference; lastKnownFileType = sourcecode.c.objc; path = "NSObject+FY.m"; sourceTree = "<group>"; };
		EE88E1242239E94300F9704A /* GLESUtils.m */ = {isa = PBXFileReference; fileEncoding = 4; lastKnownFileType = sourcecode.c.objc; path = GLESUtils.m; sourceTree = "<group>"; };
		EE88E1252239E94300F9704A /* Quaternion.h */ = {isa = PBXFileReference; fileEncoding = 4; lastKnownFileType = sourcecode.c.h; path = Quaternion.h; sourceTree = "<group>"; };
		EE88E1262239E94300F9704A /* GLESMath.c */ = {isa = PBXFileReference; fileEncoding = 4; lastKnownFileType = sourcecode.c.c; path = GLESMath.c; sourceTree = "<group>"; };
		EE88E1272239E94300F9704A /* GLESUtils.h */ = {isa = PBXFileReference; fileEncoding = 4; lastKnownFileType = sourcecode.c.h; path = GLESUtils.h; sourceTree = "<group>"; };
		EE88E1282239E94300F9704A /* Vector.h */ = {isa = PBXFileReference; fileEncoding = 4; lastKnownFileType = sourcecode.c.h; path = Vector.h; sourceTree = "<group>"; };
		EE88E1292239E94300F9704A /* GLESMath.h */ = {isa = PBXFileReference; fileEncoding = 4; lastKnownFileType = sourcecode.c.h; path = GLESMath.h; sourceTree = "<group>"; };
/* End PBXFileReference section */

/* Begin PBXFrameworksBuildPhase section */
		EE6C4F7F2237713D00756D55 /* Frameworks */ = {
			isa = PBXFrameworksBuildPhase;
			buildActionMask = 2147483647;
			files = (
				EE6C4FA22237718A00756D55 /* OpenGLES.framework in Frameworks */,
				EE6C4FA02237718300756D55 /* GLKit.framework in Frameworks */,
			);
			runOnlyForDeploymentPostprocessing = 0;
		};
/* End PBXFrameworksBuildPhase section */

/* Begin PBXGroup section */
		EE6C4F792237713D00756D55 = {
			isa = PBXGroup;
			children = (
				EE6C4F842237713D00756D55 /* openGL02-ES纹理 */,
				EE6C4F832237713D00756D55 /* Products */,
				EE6C4F9E2237718300756D55 /* Frameworks */,
			);
			sourceTree = "<group>";
		};
		EE6C4F832237713D00756D55 /* Products */ = {
			isa = PBXGroup;
			children = (
				EE6C4F822237713D00756D55 /* openGL02-ES纹理.app */,
			);
			name = Products;
			sourceTree = "<group>";
		};
		EE6C4F842237713D00756D55 /* openGL02-ES纹理 */ = {
			isa = PBXGroup;
			children = (
				EE88E1232239E94300F9704A /* Utils */,
				EE6C4FA52237727000756D55 /* 1.png */,
				EE6C4FB42237A04800756D55 /* 2.jpg */,
				EE6C4F852237713D00756D55 /* AppDelegate.h */,
				EE6C4F862237713D00756D55 /* AppDelegate.m */,
				EE6C4F882237713D00756D55 /* ViewController.h */,
				EE6C4F892237713D00756D55 /* ViewController.m */,
				EE6C4F8B2237713D00756D55 /* Main.storyboard */,
				EE88E1202239094B00F9704A /* NSObject+FY.h */,
				EE88E1212239094B00F9704A /* NSObject+FY.m */,
				EE6C4F9C2237717400756D55 /* FYGLKViewController.h */,
				EE6C4F9B2237717300756D55 /* FYGLKViewController.m */,
				EE88E10822389C7A00F9704A /* FYGLKViewController2.h */,
				EE88E10722389C7A00F9704A /* FYGLKViewController2.m */,
				EE88E1142238D4EC00F9704A /* FYGLKViewController3.h */,
				EE88E1132238D4EC00F9704A /* FYGLKViewController3.m */,
				EE88E11F2238FD5C00F9704A /* FYGLKViewController4.h */,
				EE88E11D2238FD5100F9704A /* FYGLKViewController4.m */,
				EE491D96223A49DF0061D8E8 /* FYGLKViewController5.h */,
				EE491D95223A49DF0061D8E8 /* FYGLKViewController5.m */,
				EE88E10D2238AA4400F9704A /* vertex.glsl */,
				EE88E1112238D49C00F9704A /* vertexchange.glsl */,
				A5A826CF223935E200482A81 /* vertexchange2.glsl */,
				EE491D8C223A15800061D8E8 /* vertexchange4.glsl */,
				EE88E10F2238AF6000F9704A /* f.glsl */,
				EE88E1162238D5C800F9704A /* f2.glsl */,
				EE6C4F8E2237713F00756D55 /* Assets.xcassets */,
				EE6C4F902237713F00756D55 /* LaunchScreen.storyboard */,
				EE6C4F932237713F00756D55 /* Info.plist */,
				EE6C4F942237713F00756D55 /* main.m */,
			);
			path = "openGL02-ES纹理";
			sourceTree = "<group>";
		};
		EE6C4F9E2237718300756D55 /* Frameworks */ = {
			isa = PBXGroup;
			children = (
				EE491D8A223A120F0061D8E8 /* libc++.tbd */,
				EE6C4FA12237718A00756D55 /* OpenGLES.framework */,
				EE6C4F9F2237718300756D55 /* GLKit.framework */,
			);
			name = Frameworks;
			sourceTree = "<group>";
		};
		EE88E1232239E94300F9704A /* Utils */ = {
			isa = PBXGroup;
			children = (
				EE88E1272239E94300F9704A /* GLESUtils.h */,
				EE88E1242239E94300F9704A /* GLESUtils.m */,
				EE88E1252239E94300F9704A /* Quaternion.h */,
				EE88E1282239E94300F9704A /* Vector.h */,
				EE88E1292239E94300F9704A /* GLESMath.h */,
				EE88E1262239E94300F9704A /* GLESMath.c */,
			);
			path = Utils;
			sourceTree = "<group>";
		};
/* End PBXGroup section */

/* Begin PBXNativeTarget section */
		EE6C4F812237713D00756D55 /* openGL02-ES纹理 */ = {
			isa = PBXNativeTarget;
			buildConfigurationList = EE6C4F982237713F00756D55 /* Build configuration list for PBXNativeTarget "openGL02-ES纹理" */;
			buildPhases = (
				EE6C4F7E2237713D00756D55 /* Sources */,
				EE6C4F7F2237713D00756D55 /* Frameworks */,
				EE6C4F802237713D00756D55 /* Resources */,
			);
			buildRules = (
			);
			dependencies = (
			);
			name = "openGL02-ES纹理";
			productName = "openGL02-ES纹理";
			productReference = EE6C4F822237713D00756D55 /* openGL02-ES纹理.app */;
			productType = "com.apple.product-type.application";
		};
/* End PBXNativeTarget section */

/* Begin PBXProject section */
		EE6C4F7A2237713D00756D55 /* Project object */ = {
			isa = PBXProject;
			attributes = {
				LastUpgradeCheck = 1010;
				ORGANIZATIONNAME = www.fgyong.cn;
				TargetAttributes = {
					EE6C4F812237713D00756D55 = {
						CreatedOnToolsVersion = 10.1;
					};
				};
			};
			buildConfigurationList = EE6C4F7D2237713D00756D55 /* Build configuration list for PBXProject "openGL02-ES纹理" */;
			compatibilityVersion = "Xcode 9.3";
			developmentRegion = en;
			hasScannedForEncodings = 0;
			knownRegions = (
				en,
				Base,
			);
			mainGroup = EE6C4F792237713D00756D55;
			productRefGroup = EE6C4F832237713D00756D55 /* Products */;
			projectDirPath = "";
			projectRoot = "";
			targets = (
				EE6C4F812237713D00756D55 /* openGL02-ES纹理 */,
			);
		};
/* End PBXProject section */

/* Begin PBXResourcesBuildPhase section */
		EE6C4F802237713D00756D55 /* Resources */ = {
			isa = PBXResourcesBuildPhase;
			buildActionMask = 2147483647;
			files = (
				EE88E1172238D5C800F9704A /* f2.glsl in Resources */,
				EE6C4F922237713F00756D55 /* LaunchScreen.storyboard in Resources */,
				EE88E1102238AF6000F9704A /* f.glsl in Resources */,
				EE6C4FA62237727100756D55 /* 1.png in Resources */,
				EE491D8D223A15800061D8E8 /* vertexchange4.glsl in Resources */,
				EE6C4FB52237A04800756D55 /* 2.jpg in Resources */,
				EE88E10E2238AA4400F9704A /* vertex.glsl in Resources */,
				A5A826D0223935E300482A81 /* vertexchange2.glsl in Resources */,
				EE88E1122238D49C00F9704A /* vertexchange.glsl in Resources */,
				EE6C4F8F2237713F00756D55 /* Assets.xcassets in Resources */,
				EE6C4F8D2237713D00756D55 /* Main.storyboard in Resources */,
			);
			runOnlyForDeploymentPostprocessing = 0;
		};
/* End PBXResourcesBuildPhase section */

/* Begin PBXSourcesBuildPhase section */
		EE6C4F7E2237713D00756D55 /* Sources */ = {
			isa = PBXSourcesBuildPhase;
			buildActionMask = 2147483647;
			files = (
				EE88E1152238D4EC00F9704A /* FYGLKViewController3.m in Sources */,
				EE88E12A2239E94300F9704A /* GLESUtils.m in Sources */,
				EE88E12B2239E94300F9704A /* GLESMath.c in Sources */,
				EE88E10922389C7A00F9704A /* FYGLKViewController2.m in Sources */,
				EE88E1222239094B00F9704A /* NSObject+FY.m in Sources */,
				EE6C4F9D2237717400756D55 /* FYGLKViewController.m in Sources */,
				EE88E11E2238FD5200F9704A /* FYGLKViewController4.m in Sources */,
				EE6C4F8A2237713D00756D55 /* ViewController.m in Sources */,
				EE6C4F952237713F00756D55 /* main.m in Sources */,
				EE6C4F872237713D00756D55 /* AppDelegate.m in Sources */,
				EE491D97223A49DF0061D8E8 /* FYGLKViewController5.m in Sources */,
			);
			runOnlyForDeploymentPostprocessing = 0;
		};
/* End PBXSourcesBuildPhase section */

/* Begin PBXVariantGroup section */
		EE6C4F8B2237713D00756D55 /* Main.storyboard */ = {
			isa = PBXVariantGroup;
			children = (
				EE6C4F8C2237713D00756D55 /* Base */,
			);
			name = Main.storyboard;
			sourceTree = "<group>";
		};
		EE6C4F902237713F00756D55 /* LaunchScreen.storyboard */ = {
			isa = PBXVariantGroup;
			children = (
				EE6C4F912237713F00756D55 /* Base */,
			);
			name = LaunchScreen.storyboard;
			sourceTree = "<group>";
		};
/* End PBXVariantGroup section */

/* Begin XCBuildConfiguration section */
		EE6C4F962237713F00756D55 /* Debug */ = {
			isa = XCBuildConfiguration;
			buildSettings = {
				ALWAYS_SEARCH_USER_PATHS = NO;
				CLANG_ANALYZER_NONNULL = YES;
				CLANG_ANALYZER_NUMBER_OBJECT_CONVERSION = YES_AGGRESSIVE;
				CLANG_CXX_LANGUAGE_STANDARD = "gnu++14";
				CLANG_CXX_LIBRARY = "libc++";
				CLANG_ENABLE_MODULES = YES;
				CLANG_ENABLE_OBJC_ARC = YES;
				CLANG_ENABLE_OBJC_WEAK = YES;
				CLANG_WARN_BLOCK_CAPTURE_AUTORELEASING = YES;
				CLANG_WARN_BOOL_CONVERSION = YES;
				CLANG_WARN_COMMA = YES;
				CLANG_WARN_CONSTANT_CONVERSION = YES;
				CLANG_WARN_DEPRECATED_OBJC_IMPLEMENTATIONS = YES;
				CLANG_WARN_DIRECT_OBJC_ISA_USAGE = YES_ERROR;
				CLANG_WARN_DOCUMENTATION_COMMENTS = YES;
				CLANG_WARN_EMPTY_BODY = YES;
				CLANG_WARN_ENUM_CONVERSION = YES;
				CLANG_WARN_INFINITE_RECURSION = YES;
				CLANG_WARN_INT_CONVERSION = YES;
				CLANG_WARN_NON_LITERAL_NULL_CONVERSION = YES;
				CLANG_WARN_OBJC_IMPLICIT_RETAIN_SELF = YES;
				CLANG_WARN_OBJC_LITERAL_CONVERSION = YES;
				CLANG_WARN_OBJC_ROOT_CLASS = YES_ERROR;
				CLANG_WARN_RANGE_LOOP_ANALYSIS = YES;
				CLANG_WARN_STRICT_PROTOTYPES = YES;
				CLANG_WARN_SUSPICIOUS_MOVE = YES;
				CLANG_WARN_UNGUARDED_AVAILABILITY = YES_AGGRESSIVE;
				CLANG_WARN_UNREACHABLE_CODE = YES;
				CLANG_WARN__DUPLICATE_METHOD_MATCH = YES;
				CODE_SIGN_IDENTITY = "iPhone Developer";
				COPY_PHASE_STRIP = NO;
				DEBUG_INFORMATION_FORMAT = dwarf;
				ENABLE_STRICT_OBJC_MSGSEND = YES;
				ENABLE_TESTABILITY = YES;
				GCC_C_LANGUAGE_STANDARD = gnu11;
				GCC_DYNAMIC_NO_PIC = NO;
				GCC_NO_COMMON_BLOCKS = YES;
				GCC_OPTIMIZATION_LEVEL = 0;
				GCC_PREPROCESSOR_DEFINITIONS = (
					"DEBUG=1",
					"$(inherited)",
				);
				GCC_WARN_64_TO_32_BIT_CONVERSION = YES;
				GCC_WARN_ABOUT_RETURN_TYPE = YES_ERROR;
				GCC_WARN_UNDECLARED_SELECTOR = YES;
				GCC_WARN_UNINITIALIZED_AUTOS = YES_AGGRESSIVE;
				GCC_WARN_UNUSED_FUNCTION = YES;
				GCC_WARN_UNUSED_VARIABLE = YES;
				IPHONEOS_DEPLOYMENT_TARGET = 12.1;
				MTL_ENABLE_DEBUG_INFO = INCLUDE_SOURCE;
				MTL_FAST_MATH = YES;
				ONLY_ACTIVE_ARCH = YES;
				SDKROOT = iphoneos;
			};
			name = Debug;
		};
		EE6C4F972237713F00756D55 /* Release */ = {
			isa = XCBuildConfiguration;
			buildSettings = {
				ALWAYS_SEARCH_USER_PATHS = NO;
				CLANG_ANALYZER_NONNULL = YES;
				CLANG_ANALYZER_NUMBER_OBJECT_CONVERSION = YES_AGGRESSIVE;
				CLANG_CXX_LANGUAGE_STANDARD = "gnu++14";
				CLANG_CXX_LIBRARY = "libc++";
				CLANG_ENABLE_MODULES = YES;
				CLANG_ENABLE_OBJC_ARC = YES;
				CLANG_ENABLE_OBJC_WEAK = YES;
				CLANG_WARN_BLOCK_CAPTURE_AUTORELEASING = YES;
				CLANG_WARN_BOOL_CONVERSION = YES;
				CLANG_WARN_COMMA = YES;
				CLANG_WARN_CONSTANT_CONVERSION = YES;
				CLANG_WARN_DEPRECATED_OBJC_IMPLEMENTATIONS = YES;
				CLANG_WARN_DIRECT_OBJC_ISA_USAGE = YES_ERROR;
				CLANG_WARN_DOCUMENTATION_COMMENTS = YES;
				CLANG_WARN_EMPTY_BODY = YES;
				CLANG_WARN_ENUM_CONVERSION = YES;
				CLANG_WARN_INFINITE_RECURSION = YES;
				CLANG_WARN_INT_CONVERSION = YES;
				CLANG_WARN_NON_LITERAL_NULL_CONVERSION = YES;
				CLANG_WARN_OBJC_IMPLICIT_RETAIN_SELF = YES;
				CLANG_WARN_OBJC_LITERAL_CONVERSION = YES;
				CLANG_WARN_OBJC_ROOT_CLASS = YES_ERROR;
				CLANG_WARN_RANGE_LOOP_ANALYSIS = YES;
				CLANG_WARN_STRICT_PROTOTYPES = YES;
				CLANG_WARN_SUSPICIOUS_MOVE = YES;
				CLANG_WARN_UNGUARDED_AVAILABILITY = YES_AGGRESSIVE;
				CLANG_WARN_UNREACHABLE_CODE = YES;
				CLANG_WARN__DUPLICATE_METHOD_MATCH = YES;
				CODE_SIGN_IDENTITY = "iPhone Developer";
				COPY_PHASE_STRIP = NO;
				DEBUG_INFORMATION_FORMAT = "dwarf-with-dsym";
				ENABLE_NS_ASSERTIONS = NO;
				ENABLE_STRICT_OBJC_MSGSEND = YES;
				GCC_C_LANGUAGE_STANDARD = gnu11;
				GCC_NO_COMMON_BLOCKS = YES;
				GCC_WARN_64_TO_32_BIT_CONVERSION = YES;
				GCC_WARN_ABOUT_RETURN_TYPE = YES_ERROR;
				GCC_WARN_UNDECLARED_SELECTOR = YES;
				GCC_WARN_UNINITIALIZED_AUTOS = YES_AGGRESSIVE;
				GCC_WARN_UNUSED_FUNCTION = YES;
				GCC_WARN_UNUSED_VARIABLE = YES;
				IPHONEOS_DEPLOYMENT_TARGET = 12.1;
				MTL_ENABLE_DEBUG_INFO = NO;
				MTL_FAST_MATH = YES;
				SDKROOT = iphoneos;
				VALIDATE_PRODUCT = YES;
			};
			name = Release;
		};
		EE6C4F992237713F00756D55 /* Debug */ = {
			isa = XCBuildConfiguration;
			buildSettings = {
				ASSETCATALOG_COMPILER_APPICON_NAME = AppIcon;
				CLANG_CXX_LANGUAGE_STANDARD = "c++0x";
				CODE_SIGN_STYLE = Automatic;
				DEVELOPMENT_TEAM = PU5CP57746;
				GCC_C_LANGUAGE_STANDARD = gnu99;
				INFOPLIST_FILE = "openGL02-ES纹理/Info.plist";
				IPHONEOS_DEPLOYMENT_TARGET = 9.1;
				LD_RUNPATH_SEARCH_PATHS = (
					"$(inherited)",
					"@executable_path/Frameworks",
				);
				PRODUCT_BUNDLE_IDENTIFIER = test;
				PRODUCT_NAME = "$(TARGET_NAME)";
				TARGETED_DEVICE_FAMILY = 1;
			};
			name = Debug;
		};
		EE6C4F9A2237713F00756D55 /* Release */ = {
			isa = XCBuildConfiguration;
			buildSettings = {
				ASSETCATALOG_COMPILER_APPICON_NAME = AppIcon;
				CLANG_CXX_LANGUAGE_STANDARD = "c++0x";
				CODE_SIGN_STYLE = Automatic;
				DEVELOPMENT_TEAM = PU5CP57746;
				GCC_C_LANGUAGE_STANDARD = gnu99;
				INFOPLIST_FILE = "openGL02-ES纹理/Info.plist";
				IPHONEOS_DEPLOYMENT_TARGET = 9.1;
				LD_RUNPATH_SEARCH_PATHS = (
					"$(inherited)",
					"@executable_path/Frameworks",
				);
				PRODUCT_BUNDLE_IDENTIFIER = test;
				PRODUCT_NAME = "$(TARGET_NAME)";
				TARGETED_DEVICE_FAMILY = 1;
			};
			name = Release;
		};
/* End XCBuildConfiguration section */

/* Begin XCConfigurationList section */
		EE6C4F7D2237713D00756D55 /* Build configuration list for PBXProject "openGL02-ES纹理" */ = {
			isa = XCConfigurationList;
			buildConfigurations = (
				EE6C4F962237713F00756D55 /* Debug */,
				EE6C4F972237713F00756D55 /* Release */,
			);
			defaultConfigurationIsVisible = 0;
			defaultConfigurationName = Release;
		};
		EE6C4F982237713F00756D55 /* Build configuration list for PBXNativeTarget "openGL02-ES纹理" */ = {
			isa = XCConfigurationList;
			buildConfigurations = (
				EE6C4F992237713F00756D55 /* Debug */,
				EE6C4F9A2237713F00756D55 /* Release */,
			);
			defaultConfigurationIsVisible = 0;
			defaultConfigurationName = Release;
		};
/* End XCConfigurationList section */
	};
	rootObject = EE6C4F7A2237713D00756D55 /* Project object */;
}
